github.com/ablades/letterdice v0.0.0-20200713184213-ed377dd611b6 h1:6oyHXYA9dBCQeqoY1IMVcO5rYZrMvUpCW20T91comlQ=
github.com/ablades/letterdice/edge v0.0.0-20200713184213-ed377dd611b6 h1:uuUyd3B9ylzQFHq8j1vWEBRtasg7LsGZ8FFzz4Wvi2c=
github.com/ablades/letterdice/edge v0.0.0-20200713184213-ed377dd611b6/go.mod h1:2CPvZqK3NN+DabS0pH0xn2ysWFW6At3Ld+4lmSLjE7E=
