github.com/ablades/letterdice v0.0.0-20200713184213-ed377dd611b6 h1:6oyHXYA9dBCQeqoY1IMVcO5rYZrMvUpCW20T91comlQ=
github.com/ablades/letterdice/node v0.0.0-20200713184213-ed377dd611b6 h1:ev0wjl8p3BOZfaQE3u9HFrqEXsPlJjnTTBuVF3JxN9k=
github.com/ablades/letterdice/node v0.0.0-20200713184213-ed377dd611b6/go.mod h1:Qw3BaHLiXQylDkx3nUtjUkPN7HcbX2fsb6F3cA2+Wos=
